
Microsoft Visual Studio Solution File, Format Version 12.00
# Visual Studio Version 16
VisualStudioVersion = 16.0.29418.71
MinimumVisualStudioVersion = 10.0.40219.1
Project("{FAE04EC0-301F-11D3-BF4B-00C04F79EFBC}") = "BangazonWorkforce", "BangazonWorkforce\BangazonWorkforce.csproj", "{9844848F-A642-4383-BE49-F05D6D2BC9E6}"
EndProject
Global
	GlobalSection(SolutionConfigurationPlatforms) = preSolution
		Debug|Any CPU = Debug|Any CPU
		Release|Any CPU = Release|Any CPU
	EndGlobalSection
	GlobalSection(ProjectConfigurationPlatforms) = postSolution
		{9844848F-A642-4383-BE49-F05D6D2BC9E6}.Debug|Any CPU.ActiveCfg = Debug|Any CPU
		{9844848F-A642-4383-BE49-F05D6D2BC9E6}.Debug|Any CPU.Build.0 = Debug|Any CPU
		{9844848F-A642-4383-BE49-F05D6D2BC9E6}.Release|Any CPU.ActiveCfg = Release|Any CPU
		{9844848F-A642-4383-BE49-F05D6D2BC9E6}.Release|Any CPU.Build.0 = Release|Any CPU
	EndGlobalSection
	GlobalSection(SolutionProperties) = preSolution
		HideSolutionNode = FALSE
	EndGlobalSection
	GlobalSection(ExtensibilityGlobals) = postSolution
		SolutionGuid = {D448D1E4-73D9-476C-818A-B7D9739B51B9}
	EndGlobalSection
EndGlobal
